// !$*UTF8*$!
{
	archiveVersion = 1;
	classes = {
	};
	objectVersion = 55;
	objects = {

/* Begin PBXBuildFile section */
		2CE4ED43283C02C800616E5C /* AppDelegate.swift in Sources */ = {isa = PBXBuildFile; fileRef = 2CE4ED42283C02C800616E5C /* AppDelegate.swift */; };
		2CE4ED45283C02C800616E5C /* SceneDelegate.swift in Sources */ = {isa = PBXBuildFile; fileRef = 2CE4ED44283C02C800616E5C /* SceneDelegate.swift */; };
		2CE4ED47283C02C800616E5C /* ViewController.swift in Sources */ = {isa = PBXBuildFile; fileRef = 2CE4ED46283C02C800616E5C /* ViewController.swift */; };
		2CE4ED4A283C02C800616E5C /* Main.storyboard in Resources */ = {isa = PBXBuildFile; fileRef = 2CE4ED48283C02C800616E5C /* Main.storyboard */; };
		2CE4ED4D283C02C800616E5C /* PersistentLesson.xcdatamodeld in Sources */ = {isa = PBXBuildFile; fileRef = 2CE4ED4B283C02C800616E5C /* PersistentLesson.xcdatamodeld */; };
		2CE4ED4F283C02CA00616E5C /* Assets.xcassets in Resources */ = {isa = PBXBuildFile; fileRef = 2CE4ED4E283C02CA00616E5C /* Assets.xcassets */; };
		2CE4ED52283C02CA00616E5C /* LaunchScreen.storyboard in Resources */ = {isa = PBXBuildFile; fileRef = 2CE4ED50283C02CA00616E5C /* LaunchScreen.storyboard */; };
		2CE4ED5D283C09DC00616E5C /* Company+CoreDataClass.swift in Sources */ = {isa = PBXBuildFile; fileRef = 2CE4ED59283C09DC00616E5C /* Company+CoreDataClass.swift */; };
		2CE4ED5E283C09DC00616E5C /* Company+CoreDataProperties.swift in Sources */ = {isa = PBXBuildFile; fileRef = 2CE4ED5A283C09DC00616E5C /* Company+CoreDataProperties.swift */; };
		2CE4ED5F283C09DC00616E5C /* User+CoreDataClass.swift in Sources */ = {isa = PBXBuildFile; fileRef = 2CE4ED5B283C09DC00616E5C /* User+CoreDataClass.swift */; };
		2CE4ED60283C09DC00616E5C /* User+CoreDataProperties.swift in Sources */ = {isa = PBXBuildFile; fileRef = 2CE4ED5C283C09DC00616E5C /* User+CoreDataProperties.swift */; };
		2CE4ED62283C0BDF00616E5C /* DataStoreManager.swift in Sources */ = {isa = PBXBuildFile; fileRef = 2CE4ED61283C0BDF00616E5C /* DataStoreManager.swift */; };
/* End PBXBuildFile section */

/* Begin PBXFileReference section */
		2CE4ED3F283C02C800616E5C /* PersistentLesson.app */ = {isa = PBXFileReference; explicitFileType = wrapper.application; includeInIndex = 0; path = PersistentLesson.app; sourceTree = BUILT_PRODUCTS_DIR; };
		2CE4ED42283C02C800616E5C /* AppDelegate.swift */ = {isa = PBXFileReference; lastKnownFileType = sourcecode.swift; path = AppDelegate.swift; sourceTree = "<group>"; };
		2CE4ED44283C02C800616E5C /* SceneDelegate.swift */ = {isa = PBXFileReference; lastKnownFileType = sourcecode.swift; path = SceneDelegate.swift; sourceTree = "<group>"; };
		2CE4ED46283C02C800616E5C /* ViewController.swift */ = {isa = PBXFileReference; lastKnownFileType = sourcecode.swift; path = ViewController.swift; sourceTree = "<group>"; };
		2CE4ED49283C02C800616E5C /* Base */ = {isa = PBXFileReference; lastKnownFileType = file.storyboard; name = Base; path = Base.lproj/Main.storyboard; sourceTree = "<group>"; };
		2CE4ED4C283C02C800616E5C /* PersistentLesson.xcdatamodel */ = {isa = PBXFileReference; lastKnownFileType = wrapper.xcdatamodel; path = PersistentLesson.xcdatamodel; sourceTree = "<group>"; };
		2CE4ED4E283C02CA00616E5C /* Assets.xcassets */ = {isa = PBXFileReference; lastKnownFileType = folder.assetcatalog; path = Assets.xcassets; sourceTree = "<group>"; };
		2CE4ED51283C02CA00616E5C /* Base */ = {isa = PBXFileReference; lastKnownFileType = file.storyboard; name = Base; path = Base.lproj/LaunchScreen.storyboard; sourceTree = "<group>"; };
		2CE4ED53283C02CA00616E5C /* Info.plist */ = {isa = PBXFileReference; lastKnownFileType = text.plist.xml; path = Info.plist; sourceTree = "<group>"; };
		2CE4ED59283C09DC00616E5C /* Company+CoreDataClass.swift */ = {isa = PBXFileReference; lastKnownFileType = sourcecode.swift; name = "Company+CoreDataClass.swift"; path = "PersistentLesson/Company+CoreDataClass.swift"; sourceTree = "<group>"; };
		2CE4ED5A283C09DC00616E5C /* Company+CoreDataProperties.swift */ = {isa = PBXFileReference; lastKnownFileType = sourcecode.swift; name = "Company+CoreDataProperties.swift"; path = "PersistentLesson/Company+CoreDataProperties.swift"; sourceTree = "<group>"; };
		2CE4ED5B283C09DC00616E5C /* User+CoreDataClass.swift */ = {isa = PBXFileReference; lastKnownFileType = sourcecode.swift; name = "User+CoreDataClass.swift"; path = "PersistentLesson/User+CoreDataClass.swift"; sourceTree = "<group>"; };
		2CE4ED5C283C09DC00616E5C /* User+CoreDataProperties.swift */ = {isa = PBXFileReference; lastKnownFileType = sourcecode.swift; name = "User+CoreDataProperties.swift"; path = "PersistentLesson/User+CoreDataProperties.swift"; sourceTree = "<group>"; };
		2CE4ED61283C0BDF00616E5C /* DataStoreManager.swift */ = {isa = PBXFileReference; lastKnownFileType = sourcecode.swift; path = DataStoreManager.swift; sourceTree = "<group>"; };
/* End PBXFileReference section */

/* Begin PBXFrameworksBuildPhase section */
		2CE4ED3C283C02C800616E5C /* Frameworks */ = {
			isa = PBXFrameworksBuildPhase;
			buildActionMask = 2147483647;
			files = (
			);
			runOnlyForDeploymentPostprocessing = 0;
		};
/* End PBXFrameworksBuildPhase section */

/* Begin PBXGroup section */
		2CE4ED36283C02C800616E5C = {
			isa = PBXGroup;
			children = (
				2CE4ED59283C09DC00616E5C /* Company+CoreDataClass.swift */,
				2CE4ED5A283C09DC00616E5C /* Company+CoreDataProperties.swift */,
				2CE4ED5B283C09DC00616E5C /* User+CoreDataClass.swift */,
				2CE4ED5C283C09DC00616E5C /* User+CoreDataProperties.swift */,
				2CE4ED41283C02C800616E5C /* PersistentLesson */,
				2CE4ED40283C02C800616E5C /* Products */,
			);
			sourceTree = "<group>";
		};
		2CE4ED40283C02C800616E5C /* Products */ = {
			isa = PBXGroup;
			children = (
				2CE4ED3F283C02C800616E5C /* PersistentLesson.app */,
			);
			name = Products;
			sourceTree = "<group>";
		};
		2CE4ED41283C02C800616E5C /* PersistentLesson */ = {
			isa = PBXGroup;
			children = (
				2CE4ED42283C02C800616E5C /* AppDelegate.swift */,
				2CE4ED61283C0BDF00616E5C /* DataStoreManager.swift */,
				2CE4ED44283C02C800616E5C /* SceneDelegate.swift */,
				2CE4ED48283C02C800616E5C /* Main.storyboard */,
				2CE4ED4E283C02CA00616E5C /* Assets.xcassets */,
				2CE4ED50283C02CA00616E5C /* LaunchScreen.storyboard */,
				2CE4ED53283C02CA00616E5C /* Info.plist */,
				2CE4ED4B283C02C800616E5C /* PersistentLesson.xcdatamodeld */,
				2CE4ED46283C02C800616E5C /* ViewController.swift */,
			);
			path = PersistentLesson;
			sourceTree = "<group>";
		};
/* End PBXGroup section */

/* Begin PBXNativeTarget section */
		2CE4ED3E283C02C800616E5C /* PersistentLesson */ = {
			isa = PBXNativeTarget;
			buildConfigurationList = 2CE4ED56283C02CA00616E5C /* Build configuration list for PBXNativeTarget "PersistentLesson" */;
			buildPhases = (
				2CE4ED3B283C02C800616E5C /* Sources */,
				2CE4ED3C283C02C800616E5C /* Frameworks */,
				2CE4ED3D283C02C800616E5C /* Resources */,
			);
			buildRules = (
			);
			dependencies = (
			);
			name = PersistentLesson;
			productName = PersistentLesson;
			productReference = 2CE4ED3F283C02C800616E5C /* PersistentLesson.app */;
			productType = "com.apple.product-type.application";
		};
/* End PBXNativeTarget section */

/* Begin PBXProject section */
		2CE4ED37283C02C800616E5C /* Project object */ = {
			isa = PBXProject;
			attributes = {
				BuildIndependentTargetsInParallel = 1;
				LastSwiftUpdateCheck = 1330;
				LastUpgradeCheck = 1330;
				TargetAttributes = {
					2CE4ED3E283C02C800616E5C = {
						CreatedOnToolsVersion = 13.3;
					};
				};
			};
			buildConfigurationList = 2CE4ED3A283C02C800616E5C /* Build configuration list for PBXProject "PersistentLesson" */;
			compatibilityVersion = "Xcode 13.0";
			developmentRegion = en;
			hasScannedForEncodings = 0;
			knownRegions = (
				en,
				Base,
			);
			mainGroup = 2CE4ED36283C02C800616E5C;
			productRefGroup = 2CE4ED40283C02C800616E5C /* Products */;
			projectDirPath = "";
			projectRoot = "";
			targets = (
				2CE4ED3E283C02C800616E5C /* PersistentLesson */,
			);
		};
/* End PBXProject section */

/* Begin PBXResourcesBuildPhase section */
		2CE4ED3D283C02C800616E5C /* Resources */ = {
			isa = PBXResourcesBuildPhase;
			buildActionMask = 2147483647;
			files = (
				2CE4ED52283C02CA00616E5C /* LaunchScreen.storyboard in Resources */,
				2CE4ED4F283C02CA00616E5C /* Assets.xcassets in Resources */,
				2CE4ED4A283C02C800616E5C /* Main.storyboard in Resources */,
			);
			runOnlyForDeploymentPostprocessing = 0;
		};
/* End PBXResourcesBuildPhase section */

/* Begin PBXSourcesBuildPhase section */
		2CE4ED3B283C02C800616E5C /* Sources */ = {
			isa = PBXSourcesBuildPhase;
			buildActionMask = 2147483647;
			files = (
				2CE4ED47283C02C800616E5C /* ViewController.swift in Sources */,
				2CE4ED43283C02C800616E5C /* AppDelegate.swift in Sources */,
				2CE4ED60283C09DC00616E5C /* User+CoreDataProperties.swift in Sources */,
				2CE4ED5E283C09DC00616E5C /* Company+CoreDataProperties.swift in Sources */,
				2CE4ED4D283C02C800616E5C /* PersistentLesson.xcdatamodeld in Sources */,
				2CE4ED45283C02C800616E5C /* SceneDelegate.swift in Sources */,
				2CE4ED5D283C09DC00616E5C /* Company+CoreDataClass.swift in Sources */,
				2CE4ED5F283C09DC00616E5C /* User+CoreDataClass.swift in Sources */,
				2CE4ED62283C0BDF00616E5C /* DataStoreManager.swift in Sources */,
			);
			runOnlyForDeploymentPostprocessing = 0;
		};
/* End PBXSourcesBuildPhase section */

/* Begin PBXVariantGroup section */
		2CE4ED48283C02C800616E5C /* Main.storyboard */ = {
			isa = PBXVariantGroup;
			children = (
				2CE4ED49283C02C800616E5C /* Base */,
			);
			name = Main.storyboard;
			sourceTree = "<group>";
		};
		2CE4ED50283C02CA00616E5C /* LaunchScreen.storyboard */ = {
			isa = PBXVariantGroup;
			children = (
				2CE4ED51283C02CA00616E5C /* Base */,
			);
			name = LaunchScreen.storyboard;
			sourceTree = "<group>";
		};
/* End PBXVariantGroup section */

/* Begin XCBuildConfiguration section */
		2CE4ED54283C02CA00616E5C /* Debug */ = {
			isa = XCBuildConfiguration;
			buildSettings = {
				ALWAYS_SEARCH_USER_PATHS = NO;
				CLANG_ANALYZER_NONNULL = YES;
				CLANG_ANALYZER_NUMBER_OBJECT_CONVERSION = YES_AGGRESSIVE;
				CLANG_CXX_LANGUAGE_STANDARD = "gnu++17";
				CLANG_ENABLE_MODULES = YES;
				CLANG_ENABLE_OBJC_ARC = YES;
				CLANG_ENABLE_OBJC_WEAK = YES;
				CLANG_WARN_BLOCK_CAPTURE_AUTORELEASING = YES;
				CLANG_WARN_BOOL_CONVERSION = YES;
				CLANG_WARN_COMMA = YES;
				CLANG_WARN_CONSTANT_CONVERSION = YES;
				CLANG_WARN_DEPRECATED_OBJC_IMPLEMENTATIONS = YES;
				CLANG_WARN_DIRECT_OBJC_ISA_USAGE = YES_ERROR;
				CLANG_WARN_DOCUMENTATION_COMMENTS = YES;
				CLANG_WARN_EMPTY_BODY = YES;
				CLANG_WARN_ENUM_CONVERSION = YES;
				CLANG_WARN_INFINITE_RECURSION = YES;
				CLANG_WARN_INT_CONVERSION = YES;
				CLANG_WARN_NON_LITERAL_NULL_CONVERSION = YES;
				CLANG_WARN_OBJC_IMPLICIT_RETAIN_SELF = YES;
				CLANG_WARN_OBJC_LITERAL_CONVERSION = YES;
				CLANG_WARN_OBJC_ROOT_CLASS = YES_ERROR;
				CLANG_WARN_QUOTED_INCLUDE_IN_FRAMEWORK_HEADER = YES;
				CLANG_WARN_RANGE_LOOP_ANALYSIS = YES;
				CLANG_WARN_STRICT_PROTOTYPES = YES;
				CLANG_WARN_SUSPICIOUS_MOVE = YES;
				CLANG_WARN_UNGUARDED_AVAILABILITY = YES_AGGRESSIVE;
				CLANG_WARN_UNREACHABLE_CODE = YES;
				CLANG_WARN__DUPLICATE_METHOD_MATCH = YES;
				COPY_PHASE_STRIP = NO;
				DEBUG_INFORMATION_FORMAT = dwarf;
				ENABLE_STRICT_OBJC_MSGSEND = YES;
				ENABLE_TESTABILITY = YES;
				GCC_C_LANGUAGE_STANDARD = gnu11;
				GCC_DYNAMIC_NO_PIC = NO;
				GCC_NO_COMMON_BLOCKS = YES;
				GCC_OPTIMIZATION_LEVEL = 0;
				GCC_PREPROCESSOR_DEFINITIONS = (
					"DEBUG=1",
					"$(inherited)",
				);
				GCC_WARN_64_TO_32_BIT_CONVERSION = YES;
				GCC_WARN_ABOUT_RETURN_TYPE = YES_ERROR;
				GCC_WARN_UNDECLARED_SELECTOR = YES;
				GCC_WARN_UNINITIALIZED_AUTOS = YES_AGGRESSIVE;
				GCC_WARN_UNUSED_FUNCTION = YES;
				GCC_WARN_UNUSED_VARIABLE = YES;
				IPHONEOS_DEPLOYMENT_TARGET = 15.4;
				MTL_ENABLE_DEBUG_INFO = INCLUDE_SOURCE;
				MTL_FAST_MATH = YES;
				ONLY_ACTIVE_ARCH = YES;
				SDKROOT = iphoneos;
				SWIFT_ACTIVE_COMPILATION_CONDITIONS = DEBUG;
				SWIFT_OPTIMIZATION_LEVEL = "-Onone";
			};
			name = Debug;
		};
		2CE4ED55283C02CA00616E5C /* Release */ = {
			isa = XCBuildConfiguration;
			buildSettings = {
				ALWAYS_SEARCH_USER_PATHS = NO;
				CLANG_ANALYZER_NONNULL = YES;
				CLANG_ANALYZER_NUMBER_OBJECT_CONVERSION = YES_AGGRESSIVE;
				CLANG_CXX_LANGUAGE_STANDARD = "gnu++17";
				CLANG_ENABLE_MODULES = YES;
				CLANG_ENABLE_OBJC_ARC = YES;
				CLANG_ENABLE_OBJC_WEAK = YES;
				CLANG_WARN_BLOCK_CAPTURE_AUTORELEASING = YES;
				CLANG_WARN_BOOL_CONVERSION = YES;
				CLANG_WARN_COMMA = YES;
				CLANG_WARN_CONSTANT_CONVERSION = YES;
				CLANG_WARN_DEPRECATED_OBJC_IMPLEMENTATIONS = YES;
				CLANG_WARN_DIRECT_OBJC_ISA_USAGE = YES_ERROR;
				CLANG_WARN_DOCUMENTATION_COMMENTS = YES;
				CLANG_WARN_EMPTY_BODY = YES;
				CLANG_WARN_ENUM_CONVERSION = YES;
				CLANG_WARN_INFINITE_RECURSION = YES;
				CLANG_WARN_INT_CONVERSION = YES;
				CLANG_WARN_NON_LITERAL_NULL_CONVERSION = YES;
				CLANG_WARN_OBJC_IMPLICIT_RETAIN_SELF = YES;
				CLANG_WARN_OBJC_LITERAL_CONVERSION = YES;
				CLANG_WARN_OBJC_ROOT_CLASS = YES_ERROR;
				CLANG_WARN_QUOTED_INCLUDE_IN_FRAMEWORK_HEADER = YES;
				CLANG_WARN_RANGE_LOOP_ANALYSIS = YES;
				CLANG_WARN_STRICT_PROTOTYPES = YES;
				CLANG_WARN_SUSPICIOUS_MOVE = YES;
				CLANG_WARN_UNGUARDED_AVAILABILITY = YES_AGGRESSIVE;
				CLANG_WARN_UNREACHABLE_CODE = YES;
				CLANG_WARN__DUPLICATE_METHOD_MATCH = YES;
				COPY_PHASE_STRIP = NO;
				DEBUG_INFORMATION_FORMAT = "dwarf-with-dsym";
				ENABLE_NS_ASSERTIONS = NO;
				ENABLE_STRICT_OBJC_MSGSEND = YES;
				GCC_C_LANGUAGE_STANDARD = gnu11;
				GCC_NO_COMMON_BLOCKS = YES;
				GCC_WARN_64_TO_32_BIT_CONVERSION = YES;
				GCC_WARN_ABOUT_RETURN_TYPE = YES_ERROR;
				GCC_WARN_UNDECLARED_SELECTOR = YES;
				GCC_WARN_UNINITIALIZED_AUTOS = YES_AGGRESSIVE;
				GCC_WARN_UNUSED_FUNCTION = YES;
				GCC_WARN_UNUSED_VARIABLE = YES;
				IPHONEOS_DEPLOYMENT_TARGET = 15.4;
				MTL_ENABLE_DEBUG_INFO = NO;
				MTL_FAST_MATH = YES;
				SDKROOT = iphoneos;
				SWIFT_COMPILATION_MODE = wholemodule;
				SWIFT_OPTIMIZATION_LEVEL = "-O";
				VALIDATE_PRODUCT = YES;
			};
			name = Release;
		};
		2CE4ED57283C02CA00616E5C /* Debug */ = {
			isa = XCBuildConfiguration;
			buildSettings = {
				ASSETCATALOG_COMPILER_APPICON_NAME = AppIcon;
				ASSETCATALOG_COMPILER_GLOBAL_ACCENT_COLOR_NAME = AccentColor;
				CODE_SIGN_STYLE = Automatic;
				CURRENT_PROJECT_VERSION = 1;
				GENERATE_INFOPLIST_FILE = YES;
				INFOPLIST_FILE = PersistentLesson/Info.plist;
				INFOPLIST_KEY_UIApplicationSupportsIndirectInputEvents = YES;
				INFOPLIST_KEY_UILaunchStoryboardName = LaunchScreen;
				INFOPLIST_KEY_UIMainStoryboardFile = Main;
				INFOPLIST_KEY_UISupportedInterfaceOrientations_iPad = "UIInterfaceOrientationPortrait UIInterfaceOrientationPortraitUpsideDown UIInterfaceOrientationLandscapeLeft UIInterfaceOrientationLandscapeRight";
				INFOPLIST_KEY_UISupportedInterfaceOrientations_iPhone = "UIInterfaceOrientationPortrait UIInterfaceOrientationLandscapeLeft UIInterfaceOrientationLandscapeRight";
				LD_RUNPATH_SEARCH_PATHS = (
					"$(inherited)",
					"@executable_path/Frameworks",
				);
				MARKETING_VERSION = 1.0;
				PRODUCT_BUNDLE_IDENTIFIER = "-.PersistentLesson";
				PRODUCT_NAME = "$(TARGET_NAME)";
				SWIFT_EMIT_LOC_STRINGS = YES;
				SWIFT_VERSION = 5.0;
				TARGETED_DEVICE_FAMILY = "1,2";
			};
			name = Debug;
		};
		2CE4ED58283C02CA00616E5C /* Release */ = {
			isa = XCBuildConfiguration;
			buildSettings = {
				ASSETCATALOG_COMPILER_APPICON_NAME = AppIcon;
				ASSETCATALOG_COMPILER_GLOBAL_ACCENT_COLOR_NAME = AccentColor;
				CODE_SIGN_STYLE = Automatic;
				CURRENT_PROJECT_VERSION = 1;
				GENERATE_INFOPLIST_FILE = YES;
				INFOPLIST_FILE = PersistentLesson/Info.plist;
				INFOPLIST_KEY_UIApplicationSupportsIndirectInputEvents = YES;
				INFOPLIST_KEY_UILaunchStoryboardName = LaunchScreen;
				INFOPLIST_KEY_UIMainStoryboardFile = Main;
				INFOPLIST_KEY_UISupportedInterfaceOrientations_iPad = "UIInterfaceOrientationPortrait UIInterfaceOrientationPortraitUpsideDown UIInterfaceOrientationLandscapeLeft UIInterfaceOrientationLandscapeRight";
				INFOPLIST_KEY_UISupportedInterfaceOrientations_iPhone = "UIInterfaceOrientationPortrait UIInterfaceOrientationLandscapeLeft UIInterfaceOrientationLandscapeRight";
				LD_RUNPATH_SEARCH_PATHS = (
					"$(inherited)",
					"@executable_path/Frameworks",
				);
				MARKETING_VERSION = 1.0;
				PRODUCT_BUNDLE_IDENTIFIER = "-.PersistentLesson";
				PRODUCT_NAME = "$(TARGET_NAME)";
				SWIFT_EMIT_LOC_STRINGS = YES;
				SWIFT_VERSION = 5.0;
				TARGETED_DEVICE_FAMILY = "1,2";
			};
			name = Release;
		};
/* End XCBuildConfiguration section */

/* Begin XCConfigurationList section */
		2CE4ED3A283C02C800616E5C /* Build configuration list for PBXProject "PersistentLesson" */ = {
			isa = XCConfigurationList;
			buildConfigurations = (
				2CE4ED54283C02CA00616E5C /* Debug */,
				2CE4ED55283C02CA00616E5C /* Release */,
			);
			defaultConfigurationIsVisible = 0;
			defaultConfigurationName = Release;
		};
		2CE4ED56283C02CA00616E5C /* Build configuration list for PBXNativeTarget "PersistentLesson" */ = {
			isa = XCConfigurationList;
			buildConfigurations = (
				2CE4ED57283C02CA00616E5C /* Debug */,
				2CE4ED58283C02CA00616E5C /* Release */,
			);
			defaultConfigurationIsVisible = 0;
			defaultConfigurationName = Release;
		};
/* End XCConfigurationList section */

/* Begin XCVersionGroup section */
		2CE4ED4B283C02C800616E5C /* PersistentLesson.xcdatamodeld */ = {
			isa = XCVersionGroup;
			children = (
				2CE4ED4C283C02C800616E5C /* PersistentLesson.xcdatamodel */,
			);
			currentVersion = 2CE4ED4C283C02C800616E5C /* PersistentLesson.xcdatamodel */;
			path = PersistentLesson.xcdatamodeld;
			sourceTree = "<group>";
			versionGroupType = wrapper.xcdatamodel;
		};
/* End XCVersionGroup section */
	};
	rootObject = 2CE4ED37283C02C800616E5C /* Project object */;
}
